{
  "name": "@suchipi/null",
  "version": "0.0.0",
  "lockfileVersion": 2,
  "requires": true,
  "packages": {
    "": {
      "name": "@suchipi/null",
      "version": "0.0.0",
      "dependencies": {
        "@suchipi/traverse": "1.0.0"
      }
    },
    "node_modules/@suchipi/traverse": {
      "version": "1.0.0",
      "resolved": "https://registry.npmjs.org/@suchipi/traverse/-/traverse-1.0.0.tgz",
      "integrity": "sha512-1exdi63hh3e4FODPCvuf7Wyrt7EHCX7/IKN9ZELrBXKEVZBN34UQjYDgajf9gmE26Q0P7Wznt4HXYZ5Mvb6jQQ=="
    }
  },
  "dependencies": {
    "@suchipi/traverse": {
      "version": "1.0.0",
      "resolved": "https://registry.npmjs.org/@suchipi/traverse/-/traverse-1.0.0.tgz",
      "integrity": "sha512-1exdi63hh3e4FODPCvuf7Wyrt7EHCX7/IKN9ZELrBXKEVZBN34UQjYDgajf9gmE26Q0P7Wznt4HXYZ5Mvb6jQQ=="
    }
  }
}
